[[package]]
name = "aiofiles"
version = "0.6.0"
description = "File support for asyncio."
category = "main"
optional = false
python-versions = "*"

[[package]]
name = "colorama"
version = "0.4.4"
description = "Cross-platform colored terminal text."
category = "main"
optional = false
python-versions = ">=2.7, !=3.0.*, !=3.1.*, !=3.2.*, !=3.3.*, !=3.4.*"

[[package]]
name = "loguru"
version = "0.4.1"
description = "Python logging made (stupidly) simple"
category = "main"
optional = false
python-versions = ">=3.5"

[package.dependencies]
colorama = {version = ">=0.3.4", markers = "sys_platform == \"win32\""}
win32-setctime = {version = ">=1.0.0", markers = "sys_platform == \"win32\""}

[package.extras]
dev = ["codecov (>=2.0.15)", "colorama (>=0.3.4)", "flake8 (>=3.7.7)", "isort (>=4.3.20)", "tox (>=3.9.0)", "tox-travis (>=0.12)", "pytest (>=4.6.2)", "pytest-cov (>=2.7.1)", "Sphinx (>=2.2.1)", "sphinx-autobuild (>=0.7.1)", "sphinx-rtd-theme (>=0.4.3)", "black (>=19.3b0)"]

[[package]]
name = "pydantic"
version = "1.8.1"
description = "Data validation and settings management using python 3.6 type hinting"
category = "main"
optional = false
python-versions = ">=3.6.1"

[package.dependencies]
typing-extensions = ">=3.7.4.3"

[package.extras]
dotenv = ["python-dotenv (>=0.10.4)"]
email = ["email-validator (>=1.0.3)"]

[[package]]
name = "typing-extensions"
version = "3.7.4.3"
description = "Backported and Experimental Type Hints for Python 3.5+"
category = "main"
optional = false
python-versions = "*"

[[package]]
name = "ujson"
version = "4.0.2"
description = "Ultra fast JSON encoder and decoder for Python"
category = "main"
optional = false
python-versions = ">=3.6"

[[package]]
name = "win32-setctime"
version = "1.0.3"
description = "A small Python utility to set file creation time on Windows"
category = "main"
optional = false
python-versions = ">=3.5"

[package.extras]
dev = ["pytest (>=4.6.2)", "black (>=19.3b0)"]

[metadata]
lock-version = "1.1"
python-versions = "^3.8"
content-hash = "bb27b2eda0755c554ede303b2184a28e0cd7b5e292146c1267fffb7e61223f24"

[metadata.files]
aiofiles = [
    {file = "aiofiles-0.6.0-py3-none-any.whl", hash = "sha256:bd3019af67f83b739f8e4053c6c0512a7f545b9a8d91aaeab55e6e0f9d123c27"},
    {file = "aiofiles-0.6.0.tar.gz", hash = "sha256:e0281b157d3d5d59d803e3f4557dcc9a3dff28a4dd4829a9ff478adae50ca092"},
]
colorama = [
    {file = "colorama-0.4.4-py2.py3-none-any.whl", hash = "sha256:9f47eda37229f68eee03b24b9748937c7dc3868f906e8ba69fbcbdd3bc5dc3e2"},
    {file = "colorama-0.4.4.tar.gz", hash = "sha256:5941b2b48a20143d2267e95b1c2a7603ce057ee39fd88e7329b0c292aa16869b"},
]
loguru = [
    {file = "loguru-0.4.1-py3-none-any.whl", hash = "sha256:074b3caa6748452c1e4f2b302093c94b65d5a4c5a4d7743636b4121e06437b0e"},
    {file = "loguru-0.4.1.tar.gz", hash = "sha256:a6101fd435ac89ba5205a105a26a6ede9e4ddbb4408a6e167852efca47806d11"},
]
pydantic = [
    {file = "pydantic-1.8.1-cp36-cp36m-macosx_10_9_x86_64.whl", hash = "sha256:0c40162796fc8d0aa744875b60e4dc36834db9f2a25dbf9ba9664b1915a23850"},
    {file = "pydantic-1.8.1-cp36-cp36m-manylinux1_i686.whl", hash = "sha256:fff29fe54ec419338c522b908154a2efabeee4f483e48990f87e189661f31ce3"},
    {file = "pydantic-1.8.1-cp36-cp36m-manylinux2014_i686.whl", hash = "sha256:fbfb608febde1afd4743c6822c19060a8dbdd3eb30f98e36061ba4973308059e"},
    {file = "pydantic-1.8.1-cp36-cp36m-manylinux2014_x86_64.whl", hash = "sha256:eb8ccf12295113ce0de38f80b25f736d62f0a8d87c6b88aca645f168f9c78771"},
    {file = "pydantic-1.8.1-cp36-cp36m-win_amd64.whl", hash = "sha256:20d42f1be7c7acc352b3d09b0cf505a9fab9deb93125061b376fbe1f06a5459f"},
    {file = "pydantic-1.8.1-cp37-cp37m-macosx_10_9_x86_64.whl", hash = "sha256:dde4ca368e82791de97c2ec019681ffb437728090c0ff0c3852708cf923e0c7d"},
    {file = "pydantic-1.8.1-cp37-cp37m-manylinux1_i686.whl", hash = "sha256:3bbd023c981cbe26e6e21c8d2ce78485f85c2e77f7bab5ec15b7d2a1f491918f"},
    {file = "pydantic-1.8.1-cp37-cp37m-manylinux2014_i686.whl", hash = "sha256:830ef1a148012b640186bf4d9789a206c56071ff38f2460a32ae67ca21880eb8"},
    {file = "pydantic-1.8.1-cp37-cp37m-manylinux2014_x86_64.whl", hash = "sha256:fb77f7a7e111db1832ae3f8f44203691e15b1fa7e5a1cb9691d4e2659aee41c4"},
    {file = "pydantic-1.8.1-cp37-cp37m-win_amd64.whl", hash = "sha256:3bcb9d7e1f9849a6bdbd027aabb3a06414abd6068cb3b21c49427956cce5038a"},
    {file = "pydantic-1.8.1-cp38-cp38-macosx_10_9_x86_64.whl", hash = "sha256:2287ebff0018eec3cc69b1d09d4b7cebf277726fa1bd96b45806283c1d808683"},
    {file = "pydantic-1.8.1-cp38-cp38-manylinux1_i686.whl", hash = "sha256:4bbc47cf7925c86a345d03b07086696ed916c7663cb76aa409edaa54546e53e2"},
    {file = "pydantic-1.8.1-cp38-cp38-manylinux2014_i686.whl", hash = "sha256:6388ef4ef1435364c8cc9a8192238aed030595e873d8462447ccef2e17387125"},
    {file = "pydantic-1.8.1-cp38-cp38-manylinux2014_x86_64.whl", hash = "sha256:dd4888b300769ecec194ca8f2699415f5f7760365ddbe243d4fd6581485fa5f0"},
    {file = "pydantic-1.8.1-cp38-cp38-win_amd64.whl", hash = "sha256:8fbb677e4e89c8ab3d450df7b1d9caed23f254072e8597c33279460eeae59b99"},
    {file = "pydantic-1.8.1-cp39-cp39-macosx_10_9_x86_64.whl", hash = "sha256:2f2736d9a996b976cfdfe52455ad27462308c9d3d0ae21a2aa8b4cd1a78f47b9"},
    {file = "pydantic-1.8.1-cp39-cp39-manylinux1_i686.whl", hash = "sha256:3114d74329873af0a0e8004627f5389f3bb27f956b965ddd3e355fe984a1789c"},
    {file = "pydantic-1.8.1-cp39-cp39-manylinux2014_i686.whl", hash = "sha256:258576f2d997ee4573469633592e8b99aa13bda182fcc28e875f866016c8e07e"},
    {file = "pydantic-1.8.1-cp39-cp39-manylinux2014_x86_64.whl", hash = "sha256:c17a0b35c854049e67c68b48d55e026c84f35593c66d69b278b8b49e2484346f"},
    {file = "pydantic-1.8.1-cp39-cp39-win_amd64.whl", hash = "sha256:e8bc082afef97c5fd3903d05c6f7bb3a6af9fc18631b4cc9fedeb4720efb0c58"},
    {file = "pydantic-1.8.1-py3-none-any.whl", hash = "sha256:e3f8790c47ac42549dc8b045a67b0ca371c7f66e73040d0197ce6172b385e520"},
    {file = "pydantic-1.8.1.tar.gz", hash = "sha256:26cf3cb2e68ec6c0cfcb6293e69fb3450c5fd1ace87f46b64f678b0d29eac4c3"},
]
typing-extensions = [
    {file = "typing_extensions-3.7.4.3-py2-none-any.whl", hash = "sha256:dafc7639cde7f1b6e1acc0f457842a83e722ccca8eef5270af2d74792619a89f"},
    {file = "typing_extensions-3.7.4.3-py3-none-any.whl", hash = "sha256:7cb407020f00f7bfc3cb3e7881628838e69d8f3fcab2f64742a5e76b2f841918"},
    {file = "typing_extensions-3.7.4.3.tar.gz", hash = "sha256:99d4073b617d30288f569d3f13d2bd7548c3a7e4c8de87db09a9d29bb3a4a60c"},
]
ujson = [
    {file = "ujson-4.0.2-cp36-cp36m-macosx_10_14_x86_64.whl", hash = "sha256:e390df0dcc7897ffb98e17eae1f4c442c39c91814c298ad84d935a3c5c7a32fa"},
    {file = "ujson-4.0.2-cp36-cp36m-manylinux1_i686.whl", hash = "sha256:84b1dca0d53b0a8d58835f72ea2894e4d6cf7a5dd8f520ab4cbd698c81e49737"},
    {file = "ujson-4.0.2-cp36-cp36m-manylinux1_x86_64.whl", hash = "sha256:91396a585ba51f84dc71c8da60cdc86de6b60ba0272c389b6482020a1fac9394"},
    {file = "ujson-4.0.2-cp36-cp36m-manylinux2014_aarch64.whl", hash = "sha256:eb6b25a7670c7537a5998e695fa62ff13c7f9c33faf82927adf4daa460d5f62e"},
    {file = "ujson-4.0.2-cp36-cp36m-win_amd64.whl", hash = "sha256:f8aded54c2bc554ce20b397f72101737dd61ee7b81c771684a7dd7805e6cca0c"},
    {file = "ujson-4.0.2-cp37-cp37m-macosx_10_14_x86_64.whl", hash = "sha256:30962467c36ff6de6161d784cd2a6aac1097f0128b522d6e9291678e34fb2b47"},
    {file = "ujson-4.0.2-cp37-cp37m-manylinux1_i686.whl", hash = "sha256:fc51e545d65689c398161f07fd405104956ec27f22453de85898fa088b2cd4bb"},
    {file = "ujson-4.0.2-cp37-cp37m-manylinux1_x86_64.whl", hash = "sha256:e6e90330670c78e727d6637bb5a215d3e093d8e3570d439fd4922942f88da361"},
    {file = "ujson-4.0.2-cp37-cp37m-manylinux2014_aarch64.whl", hash = "sha256:5e1636b94c7f1f59a8ead4c8a7bab1b12cc52d4c21ababa295ffec56b445fd2a"},
    {file = "ujson-4.0.2-cp37-cp37m-win_amd64.whl", hash = "sha256:e2cadeb0ddc98e3963bea266cc5b884e5d77d73adf807f0bda9eca64d1c509d5"},
    {file = "ujson-4.0.2-cp38-cp38-macosx_10_14_x86_64.whl", hash = "sha256:a214ba5a21dad71a43c0f5aef917cd56a2d70bc974d845be211c66b6742a471c"},
    {file = "ujson-4.0.2-cp38-cp38-manylinux1_i686.whl", hash = "sha256:0190d26c0e990c17ad072ec8593647218fe1c675d11089cd3d1440175b568967"},
    {file = "ujson-4.0.2-cp38-cp38-manylinux1_x86_64.whl", hash = "sha256:f273a875c0b42c2a019c337631bc1907f6fdfbc84210cc0d1fff0e2019bbfaec"},
    {file = "ujson-4.0.2-cp38-cp38-manylinux2014_aarch64.whl", hash = "sha256:d3a87888c40b5bfcf69b4030427cd666893e826e82cc8608d1ba8b4b5e04ea99"},
    {file = "ujson-4.0.2-cp38-cp38-win_amd64.whl", hash = "sha256:7333e8bc45ea28c74ae26157eacaed5e5629dbada32e0103c23eb368f93af108"},
    {file = "ujson-4.0.2-cp39-cp39-macosx_10_14_x86_64.whl", hash = "sha256:b3a6dcc660220539aa718bcc9dbd6dedf2a01d19c875d1033f028f212e36d6bb"},
    {file = "ujson-4.0.2-cp39-cp39-manylinux1_i686.whl", hash = "sha256:0ea07fe57f9157118ca689e7f6db72759395b99121c0ff038d2e38649c626fb1"},
    {file = "ujson-4.0.2-cp39-cp39-manylinux1_x86_64.whl", hash = "sha256:4d6d061563470cac889c0a9fd367013a5dbd8efc36ad01ab3e67a57e56cad720"},
    {file = "ujson-4.0.2-cp39-cp39-manylinux2014_aarch64.whl", hash = "sha256:b5c70704962cf93ec6ea3271a47d952b75ae1980d6c56b8496cec2a722075939"},
    {file = "ujson-4.0.2-cp39-cp39-win_amd64.whl", hash = "sha256:aad6d92f4d71e37ea70e966500f1951ecd065edca3a70d3861b37b176dd6702c"},
    {file = "ujson-4.0.2.tar.gz", hash = "sha256:c615a9e9e378a7383b756b7e7a73c38b22aeb8967a8bfbffd4741f7ffd043c4d"},
]
win32-setctime = [
    {file = "win32_setctime-1.0.3-py3-none-any.whl", hash = "sha256:dc925662de0a6eb987f0b01f599c01a8236cb8c62831c22d9cada09ad958243e"},
    {file = "win32_setctime-1.0.3.tar.gz", hash = "sha256:4e88556c32fdf47f64165a2180ba4552f8bb32c1103a2fafd05723a0bd42bd4b"},
]
